
Microsoft Visual Studio Solution File, Format Version 12.00
# Visual Studio 15
VisualStudioVersion = 15.0.27703.2000
MinimumVisualStudioVersion = 10.0.40219.1
Project("{FAE04EC0-301F-11D3-BF4B-00C04F79EFBC}") = "Snake", "Snake\Snake.csproj", "{AFA46C16-135F-462D-B60B-354486B78715}"
EndProject
Global
	GlobalSection(SolutionConfigurationPlatforms) = preSolution
		Debug|Any CPU = Debug|Any CPU
		Release|Any CPU = Release|Any CPU
	EndGlobalSection
	GlobalSection(ProjectConfigurationPlatforms) = postSolution
		{AFA46C16-135F-462D-B60B-354486B78715}.Debug|Any CPU.ActiveCfg = Debug|Any CPU
		{AFA46C16-135F-462D-B60B-354486B78715}.Debug|Any CPU.Build.0 = Debug|Any CPU
		{AFA46C16-135F-462D-B60B-354486B78715}.Release|Any CPU.ActiveCfg = Release|Any CPU
		{AFA46C16-135F-462D-B60B-354486B78715}.Release|Any CPU.Build.0 = Release|Any CPU
	EndGlobalSection
	GlobalSection(SolutionProperties) = preSolution
		HideSolutionNode = FALSE
	EndGlobalSection
	GlobalSection(ExtensibilityGlobals) = postSolution
		SolutionGuid = {8A38AD50-877E-4B54-848A-1566D49CAD77}
	EndGlobalSection
EndGlobal
